Microsoft Visual Studio Solution File, Format Version 12.00
# Visual Studio Version 17
VisualStudioVersion = 17.5.2.0
MinimumVisualStudioVersion = 10.0.40219.1
Project("{FAE04EC0-301F-11D3-BF4B-00C04F79EFBC}") = "SSFCU.RoboCopy.Migration", "SSFCU.RoboCopy.Migration.csproj", "{803D67E2-05DF-6BFF-5241-D5D6B5648E86}"
EndProject
Global
	GlobalSection(SolutionConfigurationPlatforms) = preSolution
		Debug|Any CPU = Debug|Any CPU
		Release|Any CPU = Release|Any CPU
	EndGlobalSection
	GlobalSection(ProjectConfigurationPlatforms) = postSolution
		{803D67E2-05DF-6BFF-5241-D5D6B5648E86}.Debug|Any CPU.ActiveCfg = Debug|Any CPU
		{803D67E2-05DF-6BFF-5241-D5D6B5648E86}.Debug|Any CPU.Build.0 = Debug|Any CPU
		{803D67E2-05DF-6BFF-5241-D5D6B5648E86}.Release|Any CPU.ActiveCfg = Release|Any CPU
		{803D67E2-05DF-6BFF-5241-D5D6B5648E86}.Release|Any CPU.Build.0 = Release|Any CPU
	EndGlobalSection
	GlobalSection(SolutionProperties) = preSolution
		HideSolutionNode = FALSE
	EndGlobalSection
	GlobalSection(ExtensibilityGlobals) = postSolution
		SolutionGuid = {8EA6FA13-6653-4CDB-8DC5-B4C97988D888}
	EndGlobalSection
EndGlobal
